PODS:
  - Charts (3.6.0):
    - Charts/Core (= 3.6.0)
  - Charts/Core (3.6.0)
  - IQKeyboardManager (6.5.6)

DEPENDENCIES:
  - Charts
  - IQKeyboardManager

SPEC REPOS:
  trunk:
    - Charts
    - IQKeyboardManager

SPEC CHECKSUMS:
  Charts: b1e3a1f5a1c9ba5394438ca3b91bd8c9076310af
  IQKeyboardManager: 2a6e97afdafc7becf0cb17a9a8d795e3a980717f

PODFILE CHECKSUM: 6d2d2f64f1aed6d5106ac6ee5bd310d66693ce9f

COCOAPODS: 1.8.4
