// !$*UTF8*$!
{
	archiveVersion = 1;
	classes = {
	};
	objectVersion = 51;
	objects = {

/* Begin PBXBuildFile section */
		0FC47D4022DE8E32006E931E /* AppDelegate.swift in Sources */ = {isa = PBXBuildFile; fileRef = 0FC47D3F22DE8E32006E931E /* AppDelegate.swift */; };
		0FC47D4722DE8E37006E931E /* Assets.xcassets in Resources */ = {isa = PBXBuildFile; fileRef = 0FC47D4622DE8E37006E931E /* Assets.xcassets */; };
		0FC47D4A22DE8E37006E931E /* LaunchScreen.storyboard in Resources */ = {isa = PBXBuildFile; fileRef = 0FC47D4822DE8E37006E931E /* LaunchScreen.storyboard */; };
		5E225296242AB6CE00A676CB /* Dashboard.storyboard in Resources */ = {isa = PBXBuildFile; fileRef = 5E225295242AB6CE00A676CB /* Dashboard.storyboard */; };
		5E225298242AB6EE00A676CB /* DashboardViewController.swift in Sources */ = {isa = PBXBuildFile; fileRef = 5E225297242AB6EE00A676CB /* DashboardViewController.swift */; };
		5E22529C242ABA3C00A676CB /* DashboardEditableCell.swift in Sources */ = {isa = PBXBuildFile; fileRef = 5E22529B242ABA3C00A676CB /* DashboardEditableCell.swift */; };
		5E22529F242AD1ED00A676CB /* Charts.storyboard in Resources */ = {isa = PBXBuildFile; fileRef = 5E22529E242AD1ED00A676CB /* Charts.storyboard */; };
		5E2252A1242AD22B00A676CB /* ChartsViewController.swift in Sources */ = {isa = PBXBuildFile; fileRef = 5E2252A0242AD22B00A676CB /* ChartsViewController.swift */; };
		5E2BF12E24439BE200159DB6 /* Pods_Bluetooth_connect.framework in Frameworks */ = {isa = PBXBuildFile; fileRef = 1592064CA2B2426FDFF3E29D /* Pods_Bluetooth_connect.framework */; };
		5E30DF7A242A9D81007D8277 /* BTSelectionScreen.swift in Sources */ = {isa = PBXBuildFile; fileRef = 5E30DF79242A9D81007D8277 /* BTSelectionScreen.swift */; };
		5E30DF7C242AA290007D8277 /* BluetoothInterface.swift in Sources */ = {isa = PBXBuildFile; fileRef = 5E30DF7B242AA290007D8277 /* BluetoothInterface.swift */; };
		5E30DF7E242AA552007D8277 /* BluetoothCell.swift in Sources */ = {isa = PBXBuildFile; fileRef = 5E30DF7D242AA552007D8277 /* BluetoothCell.swift */; };
		5E30DF81242AA626007D8277 /* BTSelectionScreen.storyboard in Resources */ = {isa = PBXBuildFile; fileRef = 5E30DF80242AA626007D8277 /* BTSelectionScreen.storyboard */; };
		5E6736992437F88800FA03E9 /* TypeExtension.swift in Sources */ = {isa = PBXBuildFile; fileRef = 5E6736982437F88800FA03E9 /* TypeExtension.swift */; };
		5E697152243556DE0060FE7C /* UUIDs.swift in Sources */ = {isa = PBXBuildFile; fileRef = 5E697151243556DE0060FE7C /* UUIDs.swift */; };
		5E69715A243564500060FE7C /* BLEProtocol.swift in Sources */ = {isa = PBXBuildFile; fileRef = 5E697159243564500060FE7C /* BLEProtocol.swift */; };
		5EB68968243468120017A1FC /* GoogleService-Info.plist in Resources */ = {isa = PBXBuildFile; fileRef = 5EB68967243468120017A1FC /* GoogleService-Info.plist */; };
		5EB6F5082468CCF2006626A0 /* MeasurementSelection.storyboard in Resources */ = {isa = PBXBuildFile; fileRef = 5EB6F5072468CCF2006626A0 /* MeasurementSelection.storyboard */; };
		5EB6F50B2468CFE4006626A0 /* MeasurementCell.swift in Sources */ = {isa = PBXBuildFile; fileRef = 5EB6F50A2468CFE4006626A0 /* MeasurementCell.swift */; };
		5EB6F50D2468D0E8006626A0 /* MeasurementSelection.swift in Sources */ = {isa = PBXBuildFile; fileRef = 5EB6F50C2468D0E8006626A0 /* MeasurementSelection.swift */; };
		5EB6F50F2468D2F6006626A0 /* InfoCell.swift in Sources */ = {isa = PBXBuildFile; fileRef = 5EB6F50E2468D2F6006626A0 /* InfoCell.swift */; };
/* End PBXBuildFile section */

/* Begin PBXCopyFilesBuildPhase section */
		5ECC89FD2446F43D00C0FF9A /* Embed App Extensions */ = {
			isa = PBXCopyFilesBuildPhase;
			buildActionMask = 2147483647;
			dstPath = "";
			dstSubfolderSpec = 13;
			files = (
			);
			name = "Embed App Extensions";
			runOnlyForDeploymentPostprocessing = 0;
		};
/* End PBXCopyFilesBuildPhase section */

/* Begin PBXFileReference section */
		0FC47D3C22DE8E32006E931E /* Microneedle.app */ = {isa = PBXFileReference; explicitFileType = wrapper.application; includeInIndex = 0; path = Microneedle.app; sourceTree = BUILT_PRODUCTS_DIR; };
		0FC47D3F22DE8E32006E931E /* AppDelegate.swift */ = {isa = PBXFileReference; lastKnownFileType = sourcecode.swift; path = AppDelegate.swift; sourceTree = "<group>"; };
		0FC47D4622DE8E37006E931E /* Assets.xcassets */ = {isa = PBXFileReference; lastKnownFileType = folder.assetcatalog; path = Assets.xcassets; sourceTree = "<group>"; };
		0FC47D4922DE8E37006E931E /* Base */ = {isa = PBXFileReference; lastKnownFileType = file.storyboard; name = Base; path = Base.lproj/LaunchScreen.storyboard; sourceTree = "<group>"; };
		0FC47D4B22DE8E37006E931E /* Info.plist */ = {isa = PBXFileReference; lastKnownFileType = text.plist.xml; path = Info.plist; sourceTree = "<group>"; };
		1592064CA2B2426FDFF3E29D /* Pods_Bluetooth_connect.framework */ = {isa = PBXFileReference; explicitFileType = wrapper.framework; includeInIndex = 0; path = Pods_Bluetooth_connect.framework; sourceTree = BUILT_PRODUCTS_DIR; };
		5E225295242AB6CE00A676CB /* Dashboard.storyboard */ = {isa = PBXFileReference; lastKnownFileType = file.storyboard; path = Dashboard.storyboard; sourceTree = "<group>"; };
		5E225297242AB6EE00A676CB /* DashboardViewController.swift */ = {isa = PBXFileReference; lastKnownFileType = sourcecode.swift; path = DashboardViewController.swift; sourceTree = "<group>"; };
		5E22529B242ABA3C00A676CB /* DashboardEditableCell.swift */ = {isa = PBXFileReference; lastKnownFileType = sourcecode.swift; path = DashboardEditableCell.swift; sourceTree = "<group>"; };
		5E22529E242AD1ED00A676CB /* Charts.storyboard */ = {isa = PBXFileReference; lastKnownFileType = file.storyboard; path = Charts.storyboard; sourceTree = "<group>"; };
		5E2252A0242AD22B00A676CB /* ChartsViewController.swift */ = {isa = PBXFileReference; lastKnownFileType = sourcecode.swift; path = ChartsViewController.swift; sourceTree = "<group>"; };
		5E30DF79242A9D81007D8277 /* BTSelectionScreen.swift */ = {isa = PBXFileReference; lastKnownFileType = sourcecode.swift; path = BTSelectionScreen.swift; sourceTree = "<group>"; };
		5E30DF7B242AA290007D8277 /* BluetoothInterface.swift */ = {isa = PBXFileReference; lastKnownFileType = sourcecode.swift; path = BluetoothInterface.swift; sourceTree = "<group>"; };
		5E30DF7D242AA552007D8277 /* BluetoothCell.swift */ = {isa = PBXFileReference; lastKnownFileType = sourcecode.swift; path = BluetoothCell.swift; sourceTree = "<group>"; };
		5E30DF80242AA626007D8277 /* BTSelectionScreen.storyboard */ = {isa = PBXFileReference; lastKnownFileType = file.storyboard; path = BTSelectionScreen.storyboard; sourceTree = "<group>"; };
		5E6736982437F88800FA03E9 /* TypeExtension.swift */ = {isa = PBXFileReference; lastKnownFileType = sourcecode.swift; path = TypeExtension.swift; sourceTree = "<group>"; };
		5E697151243556DE0060FE7C /* UUIDs.swift */ = {isa = PBXFileReference; lastKnownFileType = sourcecode.swift; path = UUIDs.swift; sourceTree = "<group>"; };
		5E697159243564500060FE7C /* BLEProtocol.swift */ = {isa = PBXFileReference; lastKnownFileType = sourcecode.swift; path = BLEProtocol.swift; sourceTree = "<group>"; };
		5EB68967243468120017A1FC /* GoogleService-Info.plist */ = {isa = PBXFileReference; fileEncoding = 4; lastKnownFileType = text.plist.xml; path = "GoogleService-Info.plist"; sourceTree = "<group>"; };
		5EB6F5072468CCF2006626A0 /* MeasurementSelection.storyboard */ = {isa = PBXFileReference; lastKnownFileType = file.storyboard; path = MeasurementSelection.storyboard; sourceTree = "<group>"; };
		5EB6F50A2468CFE4006626A0 /* MeasurementCell.swift */ = {isa = PBXFileReference; lastKnownFileType = sourcecode.swift; path = MeasurementCell.swift; sourceTree = "<group>"; };
		5EB6F50C2468D0E8006626A0 /* MeasurementSelection.swift */ = {isa = PBXFileReference; lastKnownFileType = sourcecode.swift; path = MeasurementSelection.swift; sourceTree = "<group>"; };
		5EB6F50E2468D2F6006626A0 /* InfoCell.swift */ = {isa = PBXFileReference; lastKnownFileType = sourcecode.swift; path = InfoCell.swift; sourceTree = "<group>"; };
		92B2EE53254346B9313F7F01 /* Pods-Bluetooth_connect.release.xcconfig */ = {isa = PBXFileReference; includeInIndex = 1; lastKnownFileType = text.xcconfig; name = "Pods-Bluetooth_connect.release.xcconfig"; path = "Target Support Files/Pods-Bluetooth_connect/Pods-Bluetooth_connect.release.xcconfig"; sourceTree = "<group>"; };
		98449944E49349783A1D760F /* Pods-Bluetooth_connect.debug.xcconfig */ = {isa = PBXFileReference; includeInIndex = 1; lastKnownFileType = text.xcconfig; name = "Pods-Bluetooth_connect.debug.xcconfig"; path = "Target Support Files/Pods-Bluetooth_connect/Pods-Bluetooth_connect.debug.xcconfig"; sourceTree = "<group>"; };
/* End PBXFileReference section */

/* Begin PBXFrameworksBuildPhase section */
		0FC47D3922DE8E32006E931E /* Frameworks */ = {
			isa = PBXFrameworksBuildPhase;
			buildActionMask = 2147483647;
			files = (
				5E2BF12E24439BE200159DB6 /* Pods_Bluetooth_connect.framework in Frameworks */,
			);
			runOnlyForDeploymentPostprocessing = 0;
		};
/* End PBXFrameworksBuildPhase section */

/* Begin PBXGroup section */
		0FC47D3322DE8E32006E931E = {
			isa = PBXGroup;
			children = (
				0FC47D3E22DE8E32006E931E /* Bluetooth_connect */,
				0FC47D3D22DE8E32006E931E /* Products */,
				4EB55910DCE93F142FE48747 /* Pods */,
				84225A837B8A34882A5F3034 /* Frameworks */,
			);
			sourceTree = "<group>";
		};
		0FC47D3D22DE8E32006E931E /* Products */ = {
			isa = PBXGroup;
			children = (
				0FC47D3C22DE8E32006E931E /* Microneedle.app */,
			);
			name = Products;
			sourceTree = "<group>";
		};
		0FC47D3E22DE8E32006E931E /* Bluetooth_connect */ = {
			isa = PBXGroup;
			children = (
				0FC47D3F22DE8E32006E931E /* AppDelegate.swift */,
				5EB689692435019E0017A1FC /* Interface and Protocol */,
				5E22529D242AD1C400A676CB /* Charts */,
				5E225294242AB6BE00A676CB /* Dashboard */,
				5EB6F5092468CCFA006626A0 /* MeasurementSelection */,
				5E30DF7F242AA5E6007D8277 /* Bluetooth */,
				0FC47D4622DE8E37006E931E /* Assets.xcassets */,
				0FC47D4822DE8E37006E931E /* LaunchScreen.storyboard */,
				0FC47D4B22DE8E37006E931E /* Info.plist */,
				5EB68967243468120017A1FC /* GoogleService-Info.plist */,
			);
			path = Bluetooth_connect;
			sourceTree = "<group>";
		};
		4EB55910DCE93F142FE48747 /* Pods */ = {
			isa = PBXGroup;
			children = (
				98449944E49349783A1D760F /* Pods-Bluetooth_connect.debug.xcconfig */,
				92B2EE53254346B9313F7F01 /* Pods-Bluetooth_connect.release.xcconfig */,
			);
			path = Pods;
			sourceTree = "<group>";
		};
		5E225294242AB6BE00A676CB /* Dashboard */ = {
			isa = PBXGroup;
			children = (
				5E225295242AB6CE00A676CB /* Dashboard.storyboard */,
				5E225297242AB6EE00A676CB /* DashboardViewController.swift */,
				5E22529B242ABA3C00A676CB /* DashboardEditableCell.swift */,
			);
			path = Dashboard;
			sourceTree = "<group>";
		};
		5E22529D242AD1C400A676CB /* Charts */ = {
			isa = PBXGroup;
			children = (
				5E22529E242AD1ED00A676CB /* Charts.storyboard */,
				5E2252A0242AD22B00A676CB /* ChartsViewController.swift */,
			);
			path = Charts;
			sourceTree = "<group>";
		};
		5E30DF7F242AA5E6007D8277 /* Bluetooth */ = {
			isa = PBXGroup;
			children = (
				5E30DF80242AA626007D8277 /* BTSelectionScreen.storyboard */,
				5E30DF79242A9D81007D8277 /* BTSelectionScreen.swift */,
				5E30DF7D242AA552007D8277 /* BluetoothCell.swift */,
			);
			path = Bluetooth;
			sourceTree = "<group>";
		};
		5EB689692435019E0017A1FC /* Interface and Protocol */ = {
			isa = PBXGroup;
			children = (
				5E697159243564500060FE7C /* BLEProtocol.swift */,
				5E6736982437F88800FA03E9 /* TypeExtension.swift */,
				5E30DF7B242AA290007D8277 /* BluetoothInterface.swift */,
				5E697151243556DE0060FE7C /* UUIDs.swift */,
			);
			path = "Interface and Protocol";
			sourceTree = "<group>";
		};
		5EB6F5092468CCFA006626A0 /* MeasurementSelection */ = {
			isa = PBXGroup;
			children = (
				5EB6F5072468CCF2006626A0 /* MeasurementSelection.storyboard */,
				5EB6F50C2468D0E8006626A0 /* MeasurementSelection.swift */,
				5EB6F50A2468CFE4006626A0 /* MeasurementCell.swift */,
				5EB6F50E2468D2F6006626A0 /* InfoCell.swift */,
			);
			path = MeasurementSelection;
			sourceTree = "<group>";
		};
		84225A837B8A34882A5F3034 /* Frameworks */ = {
			isa = PBXGroup;
			children = (
				1592064CA2B2426FDFF3E29D /* Pods_Bluetooth_connect.framework */,
			);
			name = Frameworks;
			sourceTree = "<group>";
		};
/* End PBXGroup section */

/* Begin PBXNativeTarget section */
		0FC47D3B22DE8E32006E931E /* Bluetooth_connect */ = {
			isa = PBXNativeTarget;
			buildConfigurationList = 0FC47D4E22DE8E37006E931E /* Build configuration list for PBXNativeTarget "Bluetooth_connect" */;
			buildPhases = (
				5B85A105ACEE3445AD6EA84F /* [CP] Check Pods Manifest.lock */,
				0FC47D3822DE8E32006E931E /* Sources */,
				0FC47D3922DE8E32006E931E /* Frameworks */,
				0FC47D3A22DE8E32006E931E /* Resources */,
				99B12ACECFADEB1D528BC7AC /* [CP] Embed Pods Frameworks */,
				5ECC89FD2446F43D00C0FF9A /* Embed App Extensions */,
			);
			buildRules = (
			);
			dependencies = (
			);
			name = Bluetooth_connect;
			productName = Bluetooth_connect;
			productReference = 0FC47D3C22DE8E32006E931E /* Microneedle.app */;
			productType = "com.apple.product-type.application";
		};
/* End PBXNativeTarget section */

/* Begin PBXProject section */
		0FC47D3422DE8E32006E931E /* Project object */ = {
			isa = PBXProject;
			attributes = {
				LastSwiftUpdateCheck = 1140;
				LastUpgradeCheck = 1020;
				ORGANIZATIONNAME = "neel shah";
				TargetAttributes = {
					0FC47D3B22DE8E32006E931E = {
						CreatedOnToolsVersion = 10.2.1;
					};
				};
			};
			buildConfigurationList = 0FC47D3722DE8E32006E931E /* Build configuration list for PBXProject "Bluetooth_connect" */;
			compatibilityVersion = "Xcode 10.0";
			developmentRegion = en;
			hasScannedForEncodings = 0;
			knownRegions = (
				en,
				Base,
			);
			mainGroup = 0FC47D3322DE8E32006E931E;
			productRefGroup = 0FC47D3D22DE8E32006E931E /* Products */;
			projectDirPath = "";
			projectRoot = "";
			targets = (
				0FC47D3B22DE8E32006E931E /* Bluetooth_connect */,
			);
		};
/* End PBXProject section */

/* Begin PBXResourcesBuildPhase section */
		0FC47D3A22DE8E32006E931E /* Resources */ = {
			isa = PBXResourcesBuildPhase;
			buildActionMask = 2147483647;
			files = (
				0FC47D4A22DE8E37006E931E /* LaunchScreen.storyboard in Resources */,
				5E22529F242AD1ED00A676CB /* Charts.storyboard in Resources */,
				5EB6F5082468CCF2006626A0 /* MeasurementSelection.storyboard in Resources */,
				5E225296242AB6CE00A676CB /* Dashboard.storyboard in Resources */,
				0FC47D4722DE8E37006E931E /* Assets.xcassets in Resources */,
				5E30DF81242AA626007D8277 /* BTSelectionScreen.storyboard in Resources */,
				5EB68968243468120017A1FC /* GoogleService-Info.plist in Resources */,
			);
			runOnlyForDeploymentPostprocessing = 0;
		};
/* End PBXResourcesBuildPhase section */

/* Begin PBXShellScriptBuildPhase section */
		5B85A105ACEE3445AD6EA84F /* [CP] Check Pods Manifest.lock */ = {
			isa = PBXShellScriptBuildPhase;
			buildActionMask = 2147483647;
			files = (
			);
			inputFileListPaths = (
			);
			inputPaths = (
				"${PODS_PODFILE_DIR_PATH}/Podfile.lock",
				"${PODS_ROOT}/Manifest.lock",
			);
			name = "[CP] Check Pods Manifest.lock";
			outputFileListPaths = (
			);
			outputPaths = (
				"$(DERIVED_FILE_DIR)/Pods-Bluetooth_connect-checkManifestLockResult.txt",
			);
			runOnlyForDeploymentPostprocessing = 0;
			shellPath = /bin/sh;
			shellScript = "diff \"${PODS_PODFILE_DIR_PATH}/Podfile.lock\" \"${PODS_ROOT}/Manifest.lock\" > /dev/null\nif [ $? != 0 ] ; then\n    # print error to STDERR\n    echo \"error: The sandbox is not in sync with the Podfile.lock. Run 'pod install' or update your CocoaPods installation.\" >&2\n    exit 1\nfi\n# This output is used by Xcode 'outputs' to avoid re-running this script phase.\necho \"SUCCESS\" > \"${SCRIPT_OUTPUT_FILE_0}\"\n";
			showEnvVarsInLog = 0;
		};
		99B12ACECFADEB1D528BC7AC /* [CP] Embed Pods Frameworks */ = {
			isa = PBXShellScriptBuildPhase;
			buildActionMask = 2147483647;
			files = (
			);
			inputFileListPaths = (
				"${PODS_ROOT}/Target Support Files/Pods-Bluetooth_connect/Pods-Bluetooth_connect-frameworks-${CONFIGURATION}-input-files.xcfilelist",
			);
			name = "[CP] Embed Pods Frameworks";
			outputFileListPaths = (
				"${PODS_ROOT}/Target Support Files/Pods-Bluetooth_connect/Pods-Bluetooth_connect-frameworks-${CONFIGURATION}-output-files.xcfilelist",
			);
			runOnlyForDeploymentPostprocessing = 0;
			shellPath = /bin/sh;
			shellScript = "\"${PODS_ROOT}/Target Support Files/Pods-Bluetooth_connect/Pods-Bluetooth_connect-frameworks.sh\"\n";
			showEnvVarsInLog = 0;
		};
/* End PBXShellScriptBuildPhase section */

/* Begin PBXSourcesBuildPhase section */
		0FC47D3822DE8E32006E931E /* Sources */ = {
			isa = PBXSourcesBuildPhase;
			buildActionMask = 2147483647;
			files = (
				5E697152243556DE0060FE7C /* UUIDs.swift in Sources */,
				5EB6F50D2468D0E8006626A0 /* MeasurementSelection.swift in Sources */,
				5E69715A243564500060FE7C /* BLEProtocol.swift in Sources */,
				5EB6F50B2468CFE4006626A0 /* MeasurementCell.swift in Sources */,
				5E22529C242ABA3C00A676CB /* DashboardEditableCell.swift in Sources */,
				5E2252A1242AD22B00A676CB /* ChartsViewController.swift in Sources */,
				5E30DF7A242A9D81007D8277 /* BTSelectionScreen.swift in Sources */,
				5E30DF7C242AA290007D8277 /* BluetoothInterface.swift in Sources */,
				5E6736992437F88800FA03E9 /* TypeExtension.swift in Sources */,
				5EB6F50F2468D2F6006626A0 /* InfoCell.swift in Sources */,
				5E30DF7E242AA552007D8277 /* BluetoothCell.swift in Sources */,
				0FC47D4022DE8E32006E931E /* AppDelegate.swift in Sources */,
				5E225298242AB6EE00A676CB /* DashboardViewController.swift in Sources */,
			);
			runOnlyForDeploymentPostprocessing = 0;
		};
/* End PBXSourcesBuildPhase section */

/* Begin PBXVariantGroup section */
		0FC47D4822DE8E37006E931E /* LaunchScreen.storyboard */ = {
			isa = PBXVariantGroup;
			children = (
				0FC47D4922DE8E37006E931E /* Base */,
			);
			name = LaunchScreen.storyboard;
			sourceTree = "<group>";
		};
/* End PBXVariantGroup section */

/* Begin XCBuildConfiguration section */
		0FC47D4C22DE8E37006E931E /* Debug */ = {
			isa = XCBuildConfiguration;
			buildSettings = {
				ALWAYS_SEARCH_USER_PATHS = NO;
				CLANG_ANALYZER_NONNULL = YES;
				CLANG_ANALYZER_NUMBER_OBJECT_CONVERSION = YES_AGGRESSIVE;
				CLANG_CXX_LANGUAGE_STANDARD = "gnu++14";
				CLANG_CXX_LIBRARY = "libc++";
				CLANG_ENABLE_MODULES = YES;
				CLANG_ENABLE_OBJC_ARC = YES;
				CLANG_ENABLE_OBJC_WEAK = YES;
				CLANG_WARN_BLOCK_CAPTURE_AUTORELEASING = YES;
				CLANG_WARN_BOOL_CONVERSION = YES;
				CLANG_WARN_COMMA = YES;
				CLANG_WARN_CONSTANT_CONVERSION = YES;
				CLANG_WARN_DEPRECATED_OBJC_IMPLEMENTATIONS = YES;
				CLANG_WARN_DIRECT_OBJC_ISA_USAGE = YES_ERROR;
				CLANG_WARN_DOCUMENTATION_COMMENTS = YES;
				CLANG_WARN_EMPTY_BODY = YES;
				CLANG_WARN_ENUM_CONVERSION = YES;
				CLANG_WARN_INFINITE_RECURSION = YES;
				CLANG_WARN_INT_CONVERSION = YES;
				CLANG_WARN_NON_LITERAL_NULL_CONVERSION = YES;
				CLANG_WARN_OBJC_IMPLICIT_RETAIN_SELF = YES;
				CLANG_WARN_OBJC_LITERAL_CONVERSION = YES;
				CLANG_WARN_OBJC_ROOT_CLASS = YES_ERROR;
				CLANG_WARN_RANGE_LOOP_ANALYSIS = YES;
				CLANG_WARN_STRICT_PROTOTYPES = YES;
				CLANG_WARN_SUSPICIOUS_MOVE = YES;
				CLANG_WARN_UNGUARDED_AVAILABILITY = YES_AGGRESSIVE;
				CLANG_WARN_UNREACHABLE_CODE = YES;
				CLANG_WARN__DUPLICATE_METHOD_MATCH = YES;
				CODE_SIGN_IDENTITY = "iPhone Developer";
				COPY_PHASE_STRIP = NO;
				DEBUG_INFORMATION_FORMAT = dwarf;
				ENABLE_STRICT_OBJC_MSGSEND = YES;
				ENABLE_TESTABILITY = YES;
				GCC_C_LANGUAGE_STANDARD = gnu11;
				GCC_DYNAMIC_NO_PIC = NO;
				GCC_NO_COMMON_BLOCKS = YES;
				GCC_OPTIMIZATION_LEVEL = 0;
				GCC_PREPROCESSOR_DEFINITIONS = (
					"DEBUG=1",
					"$(inherited)",
				);
				GCC_WARN_64_TO_32_BIT_CONVERSION = YES;
				GCC_WARN_ABOUT_RETURN_TYPE = YES_ERROR;
				GCC_WARN_UNDECLARED_SELECTOR = YES;
				GCC_WARN_UNINITIALIZED_AUTOS = YES_AGGRESSIVE;
				GCC_WARN_UNUSED_FUNCTION = YES;
				GCC_WARN_UNUSED_VARIABLE = YES;
				IPHONEOS_DEPLOYMENT_TARGET = 12.2;
				MTL_ENABLE_DEBUG_INFO = INCLUDE_SOURCE;
				MTL_FAST_MATH = YES;
				ONLY_ACTIVE_ARCH = YES;
				SDKROOT = iphoneos;
				SWIFT_ACTIVE_COMPILATION_CONDITIONS = DEBUG;
				SWIFT_OPTIMIZATION_LEVEL = "-Onone";
			};
			name = Debug;
		};
		0FC47D4D22DE8E37006E931E /* Release */ = {
			isa = XCBuildConfiguration;
			buildSettings = {
				ALWAYS_SEARCH_USER_PATHS = NO;
				CLANG_ANALYZER_NONNULL = YES;
				CLANG_ANALYZER_NUMBER_OBJECT_CONVERSION = YES_AGGRESSIVE;
				CLANG_CXX_LANGUAGE_STANDARD = "gnu++14";
				CLANG_CXX_LIBRARY = "libc++";
				CLANG_ENABLE_MODULES = YES;
				CLANG_ENABLE_OBJC_ARC = YES;
				CLANG_ENABLE_OBJC_WEAK = YES;
				CLANG_WARN_BLOCK_CAPTURE_AUTORELEASING = YES;
				CLANG_WARN_BOOL_CONVERSION = YES;
				CLANG_WARN_COMMA = YES;
				CLANG_WARN_CONSTANT_CONVERSION = YES;
				CLANG_WARN_DEPRECATED_OBJC_IMPLEMENTATIONS = YES;
				CLANG_WARN_DIRECT_OBJC_ISA_USAGE = YES_ERROR;
				CLANG_WARN_DOCUMENTATION_COMMENTS = YES;
				CLANG_WARN_EMPTY_BODY = YES;
				CLANG_WARN_ENUM_CONVERSION = YES;
				CLANG_WARN_INFINITE_RECURSION = YES;
				CLANG_WARN_INT_CONVERSION = YES;
				CLANG_WARN_NON_LITERAL_NULL_CONVERSION = YES;
				CLANG_WARN_OBJC_IMPLICIT_RETAIN_SELF = YES;
				CLANG_WARN_OBJC_LITERAL_CONVERSION = YES;
				CLANG_WARN_OBJC_ROOT_CLASS = YES_ERROR;
				CLANG_WARN_RANGE_LOOP_ANALYSIS = YES;
				CLANG_WARN_STRICT_PROTOTYPES = YES;
				CLANG_WARN_SUSPICIOUS_MOVE = YES;
				CLANG_WARN_UNGUARDED_AVAILABILITY = YES_AGGRESSIVE;
				CLANG_WARN_UNREACHABLE_CODE = YES;
				CLANG_WARN__DUPLICATE_METHOD_MATCH = YES;
				CODE_SIGN_IDENTITY = "iPhone Developer";
				COPY_PHASE_STRIP = NO;
				DEBUG_INFORMATION_FORMAT = "dwarf-with-dsym";
				ENABLE_NS_ASSERTIONS = NO;
				ENABLE_STRICT_OBJC_MSGSEND = YES;
				GCC_C_LANGUAGE_STANDARD = gnu11;
				GCC_NO_COMMON_BLOCKS = YES;
				GCC_WARN_64_TO_32_BIT_CONVERSION = YES;
				GCC_WARN_ABOUT_RETURN_TYPE = YES_ERROR;
				GCC_WARN_UNDECLARED_SELECTOR = YES;
				GCC_WARN_UNINITIALIZED_AUTOS = YES_AGGRESSIVE;
				GCC_WARN_UNUSED_FUNCTION = YES;
				GCC_WARN_UNUSED_VARIABLE = YES;
				IPHONEOS_DEPLOYMENT_TARGET = 12.2;
				MTL_ENABLE_DEBUG_INFO = NO;
				MTL_FAST_MATH = YES;
				SDKROOT = iphoneos;
				SWIFT_COMPILATION_MODE = wholemodule;
				SWIFT_OPTIMIZATION_LEVEL = "-O";
				VALIDATE_PRODUCT = YES;
			};
			name = Release;
		};
		0FC47D4F22DE8E37006E931E /* Debug */ = {
			isa = XCBuildConfiguration;
			baseConfigurationReference = 98449944E49349783A1D760F /* Pods-Bluetooth_connect.debug.xcconfig */;
			buildSettings = {
				ASSETCATALOG_COMPILER_APPICON_NAME = AppIcon;
				CODE_SIGN_IDENTITY = "Apple Development";
				CODE_SIGN_STYLE = Automatic;
				CURRENT_PROJECT_VERSION = 1;
				DEVELOPMENT_TEAM = FM24GH558A;
				INFOPLIST_FILE = Bluetooth_connect/Info.plist;
				LD_RUNPATH_SEARCH_PATHS = (
					"$(inherited)",
					"@executable_path/Frameworks",
				);
				MARKETING_VERSION = 1.0.8;
				PRODUCT_BUNDLE_IDENTIFIER = "com.microneedle.Microneedle-phase1";
				PRODUCT_NAME = Microneedle;
				PROVISIONING_PROFILE_SPECIFIER = "";
				SWIFT_VERSION = 5.0;
				TARGETED_DEVICE_FAMILY = 1;
			};
			name = Debug;
		};
		0FC47D5022DE8E37006E931E /* Release */ = {
			isa = XCBuildConfiguration;
			baseConfigurationReference = 92B2EE53254346B9313F7F01 /* Pods-Bluetooth_connect.release.xcconfig */;
			buildSettings = {
				ASSETCATALOG_COMPILER_APPICON_NAME = AppIcon;
				CODE_SIGN_IDENTITY = "Apple Development";
				CODE_SIGN_STYLE = Automatic;
				CURRENT_PROJECT_VERSION = 1;
				DEVELOPMENT_TEAM = FM24GH558A;
				INFOPLIST_FILE = Bluetooth_connect/Info.plist;
				LD_RUNPATH_SEARCH_PATHS = (
					"$(inherited)",
					"@executable_path/Frameworks",
				);
				MARKETING_VERSION = 1.0.8;
				PRODUCT_BUNDLE_IDENTIFIER = "com.microneedle.Microneedle-phase1";
				PRODUCT_NAME = Microneedle;
				PROVISIONING_PROFILE_SPECIFIER = "";
				SWIFT_VERSION = 5.0;
				TARGETED_DEVICE_FAMILY = 1;
			};
			name = Release;
		};
/* End XCBuildConfiguration section */

/* Begin XCConfigurationList section */
		0FC47D3722DE8E32006E931E /* Build configuration list for PBXProject "Bluetooth_connect" */ = {
			isa = XCConfigurationList;
			buildConfigurations = (
				0FC47D4C22DE8E37006E931E /* Debug */,
				0FC47D4D22DE8E37006E931E /* Release */,
			);
			defaultConfigurationIsVisible = 0;
			defaultConfigurationName = Release;
		};
		0FC47D4E22DE8E37006E931E /* Build configuration list for PBXNativeTarget "Bluetooth_connect" */ = {
			isa = XCConfigurationList;
			buildConfigurations = (
				0FC47D4F22DE8E37006E931E /* Debug */,
				0FC47D5022DE8E37006E931E /* Release */,
			);
			defaultConfigurationIsVisible = 0;
			defaultConfigurationName = Release;
		};
/* End XCConfigurationList section */
	};
	rootObject = 0FC47D3422DE8E32006E931E /* Project object */;
}
